
Microsoft Visual Studio Solution File, Format Version 12.00
# Visual Studio Version 17
VisualStudioVersion = 17.0.32014.148
MinimumVisualStudioVersion = 10.0.40219.1
Project("{FAE04EC0-301F-11D3-BF4B-00C04F79EFBC}") = "PrivateScoolSystem", "PrivateScoolSystem\PrivateScoolSystem.csproj", "{75D473BA-8ECC-48E8-92CD-4DC6BFD704BC}"
EndProject
Global
	GlobalSection(SolutionConfigurationPlatforms) = preSolution
		Debug|Any CPU = Debug|Any CPU
		Release|Any CPU = Release|Any CPU
	EndGlobalSection
	GlobalSection(ProjectConfigurationPlatforms) = postSolution
		{75D473BA-8ECC-48E8-92CD-4DC6BFD704BC}.Debug|Any CPU.ActiveCfg = Debug|Any CPU
		{75D473BA-8ECC-48E8-92CD-4DC6BFD704BC}.Debug|Any CPU.Build.0 = Debug|Any CPU
		{75D473BA-8ECC-48E8-92CD-4DC6BFD704BC}.Release|Any CPU.ActiveCfg = Release|Any CPU
		{75D473BA-8ECC-48E8-92CD-4DC6BFD704BC}.Release|Any CPU.Build.0 = Release|Any CPU
	EndGlobalSection
	GlobalSection(SolutionProperties) = preSolution
		HideSolutionNode = FALSE
	EndGlobalSection
	GlobalSection(ExtensibilityGlobals) = postSolution
		SolutionGuid = {FADC3861-6D79-4DC7-A4C9-6B556F59E770}
	EndGlobalSection
EndGlobal
